
Microsoft Visual Studio Solution File, Format Version 12.00
# Visual Studio 15
VisualStudioVersion = 15.0.27004.2006
MinimumVisualStudioVersion = 10.0.40219.1
Project("{710C2BC4-21CD-4B2C-BAE7-31A9B36FBC89}") = "iFt3DF", "iFt3DF.vcxproj", "{E20EF47F-8814-41FD-8D15-EA01EE5ED8FE}"
EndProject

Global
	GlobalSection(SolutionConfigurationPlatforms) = preSolution
		Debug|Win32 = Debug|Win32
		Debug|x64 = Debug|x64
		Release|Win32 = Release|Win32
		Release|x64 = Release|x64
	EndGlobalSection
	GlobalSection(ProjectConfigurationPlatforms) = postSolution
		{E20EF47F-8814-41FD-8D15-EA01EE5ED8FE}.Debug|Win32.ActiveCfg = Debug|Win32
		{E20EF47F-8814-41FD-8D15-EA01EE5ED8FE}.Debug|Win32.Build.0 = Debug|Win32
		{E20EF47F-8814-41FD-8D15-EA01EE5ED8FE}.Debug|x64.ActiveCfg = Debug|x64
		{E20EF47F-8814-41FD-8D15-EA01EE5ED8FE}.Debug|x64.Build.0 = Debug|x64
		{E20EF47F-8814-41FD-8D15-EA01EE5ED8FE}.Release|Win32.ActiveCfg = Release|Win32
		{E20EF47F-8814-41FD-8D15-EA01EE5ED8FE}.Release|Win32.Build.0 = Release|Win32
		{E20EF47F-8814-41FD-8D15-EA01EE5ED8FE}.Release|x64.ActiveCfg = Release|x64
		{E20EF47F-8814-41FD-8D15-EA01EE5ED8FE}.Release|x64.Build.0 = Release|x64
	EndGlobalSection
	GlobalSection(SolutionProperties) = preSolution
		HideSolutionNode = FALSE
	EndGlobalSection
EndGlobal
