
Microsoft Visual Studio Solution File, Format Version 12.00
# Visual Studio 15
VisualStudioVersion = 15.0.27004.2006
MinimumVisualStudioVersion = 10.0.40219.1
Project("{05056642-7FC4-40F1-A527-B7E131089288}") = "iFt2DS", "iFt2DS.vcxproj", "{7CD39909-2927-4CDE-8456-98010615A9A1}"
EndProject
Global
	GlobalSection(SolutionConfigurationPlatforms) = preSolution
		Debug|Win32 = Debug|Win32
		Debug|x64 = Debug|x64
		Release|Win32 = Release|Win32
		Release|x64 = Release|x64
	EndGlobalSection
	GlobalSection(ProjectConfigurationPlatforms) = postSolution
		{7CD39909-2927-4CDE-8456-98010615A9A1}.Debug|Win32.ActiveCfg = Debug|Win32
		{7CD39909-2927-4CDE-8456-98010615A9A1}.Debug|Win32.Build.0 = Debug|Win32
		{7CD39909-2927-4CDE-8456-98010615A9A1}.Debug|x64.ActiveCfg = Debug|x64
		{7CD39909-2927-4CDE-8456-98010615A9A1}.Debug|x64.Build.0 = Debug|x64
		{7CD39909-2927-4CDE-8456-98010615A9A1}.Release|Win32.ActiveCfg = Release|Win32
		{7CD39909-2927-4CDE-8456-98010615A9A1}.Release|Win32.Build.0 = Release|Win32
		{7CD39909-2927-4CDE-8456-98010615A9A1}.Release|x64.ActiveCfg = Release|x64
		{7CD39909-2927-4CDE-8456-98010615A9A1}.Release|x64.Build.0 = Release|x64
	EndGlobalSection
	GlobalSection(SolutionProperties) = preSolution
		HideSolutionNode = FALSE
	EndGlobalSection
	GlobalSection(ExtensibilityGlobals) = postSolution
		SolutionGuid = {9FEA1934-C2F5-4CFE-A574-2D9DCCFD1141}
	EndGlobalSection
EndGlobal
